{
  "nodes": {
    "linux-firmware-gitlab": {
      "flake": false,
      "locked": {
        "lastModified": 1729608656,
        "narHash": "sha256-MZxhnvGbb6r3N+7zhFviHpfaqcXhWYDMA6296fYYrwc=",
        "owner": "kernel-firmware",
        "repo": "linux-firmware",
        "rev": "e1d95775eb3db64ab3740701bf9682e5856aab2e",
        "type": "gitlab"
      },
      "original": {
        "owner": "kernel-firmware",
        "ref": "main",
        "repo": "linux-firmware",
        "type": "gitlab"
      }
    },
    "nixpkgs": {
      "locked": {
        "lastModified": 1729665710,
        "narHash": "sha256-AlcmCXJZPIlO5dmFzV3V2XF6x/OpNWUV8Y/FMPGd8Z4=",
        "owner": "nixos",
        "repo": "nixpkgs",
        "rev": "2768c7d042a37de65bb1b5b3268fc987e534c49d",
        "type": "github"
      },
      "original": {
        "owner": "nixos",
        "ref": "nixos-unstable",
        "repo": "nixpkgs",
        "type": "github"
      }
    },
    "root": {
      "inputs": {
        "linux-firmware-gitlab": "linux-firmware-gitlab",
        "nixpkgs": "nixpkgs"
      }
    }
  },
  "root": "root",
  "version": 7
}
