{
  "nodes": {
    "linux-firmware-gitlab": {
      "flake": false,
      "locked": {
        "lastModified": 1728076324,
        "narHash": "sha256-xB1K9rjtCtC/zR0v9HQ08IPD3vPNvTPcIkwujYBBGMw=",
        "owner": "kernel-firmware",
        "repo": "linux-firmware",
        "rev": "919f79f9fb5536c1928a15ac82a2e53183b213cf",
        "type": "gitlab"
      },
      "original": {
        "owner": "kernel-firmware",
        "ref": "main",
        "repo": "linux-firmware",
        "type": "gitlab"
      }
    },
    "nixpkgs": {
      "locked": {
        "lastModified": 1728018373,
        "narHash": "sha256-NOiTvBbRLIOe5F6RbHaAh6++BNjsb149fGZd1T4+KBg=",
        "owner": "nixos",
        "repo": "nixpkgs",
        "rev": "bc947f541ae55e999ffdb4013441347d83b00feb",
        "type": "github"
      },
      "original": {
        "owner": "nixos",
        "ref": "nixos-unstable",
        "repo": "nixpkgs",
        "type": "github"
      }
    },
    "root": {
      "inputs": {
        "linux-firmware-gitlab": "linux-firmware-gitlab",
        "nixpkgs": "nixpkgs"
      }
    }
  },
  "root": "root",
  "version": 7
}
